// !$*UTF8*$!
{
	archiveVersion = 1;
	classes = {
	};
	objectVersion = 56;
	objects = {

/* Begin PBXBuildFile section */
		0DD130112A1CE2D300982724 /* SwiftuiOtpApp.swift in Sources */ = {isa = PBXBuildFile; fileRef = 0DD130102A1CE2D300982724 /* SwiftuiOtpApp.swift */; };
		0DD130132A1CE2D300982724 /* ContentView.swift in Sources */ = {isa = PBXBuildFile; fileRef = 0DD130122A1CE2D300982724 /* ContentView.swift */; };
		0DD130152A1CE2D600982724 /* Assets.xcassets in Resources */ = {isa = PBXBuildFile; fileRef = 0DD130142A1CE2D600982724 /* Assets.xcassets */; };
		0DD130182A1CE2D600982724 /* Preview Assets.xcassets in Resources */ = {isa = PBXBuildFile; fileRef = 0DD130172A1CE2D600982724 /* Preview Assets.xcassets */; };
		0DD1301A2A1CE2D600982724 /* Persistence.swift in Sources */ = {isa = PBXBuildFile; fileRef = 0DD130192A1CE2D600982724 /* Persistence.swift */; };
		0DD1301D2A1CE2D600982724 /* SwiftuiOtp.xcdatamodeld in Sources */ = {isa = PBXBuildFile; fileRef = 0DD1301B2A1CE2D600982724 /* SwiftuiOtp.xcdatamodeld */; };
		0DD130242A1CE4CA00982724 /* OtpModifer.swift in Sources */ = {isa = PBXBuildFile; fileRef = 0DD130232A1CE4CA00982724 /* OtpModifer.swift */; };
		0DD130262A1CEA1800982724 /* OtpFormFieldView.swift in Sources */ = {isa = PBXBuildFile; fileRef = 0DD130252A1CEA1800982724 /* OtpFormFieldView.swift */; };
/* End PBXBuildFile section */

/* Begin PBXFileReference section */
		0DD1300D2A1CE2D300982724 /* SwiftuiOtp.app */ = {isa = PBXFileReference; explicitFileType = wrapper.application; includeInIndex = 0; path = SwiftuiOtp.app; sourceTree = BUILT_PRODUCTS_DIR; };
		0DD130102A1CE2D300982724 /* SwiftuiOtpApp.swift */ = {isa = PBXFileReference; lastKnownFileType = sourcecode.swift; path = SwiftuiOtpApp.swift; sourceTree = "<group>"; };
		0DD130122A1CE2D300982724 /* ContentView.swift */ = {isa = PBXFileReference; lastKnownFileType = sourcecode.swift; path = ContentView.swift; sourceTree = "<group>"; };
		0DD130142A1CE2D600982724 /* Assets.xcassets */ = {isa = PBXFileReference; lastKnownFileType = folder.assetcatalog; path = Assets.xcassets; sourceTree = "<group>"; };
		0DD130172A1CE2D600982724 /* Preview Assets.xcassets */ = {isa = PBXFileReference; lastKnownFileType = folder.assetcatalog; path = "Preview Assets.xcassets"; sourceTree = "<group>"; };
		0DD130192A1CE2D600982724 /* Persistence.swift */ = {isa = PBXFileReference; lastKnownFileType = sourcecode.swift; path = Persistence.swift; sourceTree = "<group>"; };
		0DD1301C2A1CE2D600982724 /* SwiftuiOtp.xcdatamodel */ = {isa = PBXFileReference; lastKnownFileType = wrapper.xcdatamodel; path = SwiftuiOtp.xcdatamodel; sourceTree = "<group>"; };
		0DD130232A1CE4CA00982724 /* OtpModifer.swift */ = {isa = PBXFileReference; lastKnownFileType = sourcecode.swift; path = OtpModifer.swift; sourceTree = "<group>"; };
		0DD130252A1CEA1800982724 /* OtpFormFieldView.swift */ = {isa = PBXFileReference; lastKnownFileType = sourcecode.swift; path = OtpFormFieldView.swift; sourceTree = "<group>"; };
/* End PBXFileReference section */

/* Begin PBXFrameworksBuildPhase section */
		0DD1300A2A1CE2D300982724 /* Frameworks */ = {
			isa = PBXFrameworksBuildPhase;
			buildActionMask = 2147483647;
			files = (
			);
			runOnlyForDeploymentPostprocessing = 0;
		};
/* End PBXFrameworksBuildPhase section */

/* Begin PBXGroup section */
		0DD130042A1CE2D300982724 = {
			isa = PBXGroup;
			children = (
				0DD1300F2A1CE2D300982724 /* SwiftuiOtp */,
				0DD1300E2A1CE2D300982724 /* Products */,
			);
			sourceTree = "<group>";
		};
		0DD1300E2A1CE2D300982724 /* Products */ = {
			isa = PBXGroup;
			children = (
				0DD1300D2A1CE2D300982724 /* SwiftuiOtp.app */,
			);
			name = Products;
			sourceTree = "<group>";
		};
		0DD1300F2A1CE2D300982724 /* SwiftuiOtp */ = {
			isa = PBXGroup;
			children = (
				0DD130102A1CE2D300982724 /* SwiftuiOtpApp.swift */,
				0DD130122A1CE2D300982724 /* ContentView.swift */,
				0DD130142A1CE2D600982724 /* Assets.xcassets */,
				0DD130192A1CE2D600982724 /* Persistence.swift */,
				0DD1301B2A1CE2D600982724 /* SwiftuiOtp.xcdatamodeld */,
				0DD130162A1CE2D600982724 /* Preview Content */,
				0DD130232A1CE4CA00982724 /* OtpModifer.swift */,
				0DD130252A1CEA1800982724 /* OtpFormFieldView.swift */,
			);
			path = SwiftuiOtp;
			sourceTree = "<group>";
		};
		0DD130162A1CE2D600982724 /* Preview Content */ = {
			isa = PBXGroup;
			children = (
				0DD130172A1CE2D600982724 /* Preview Assets.xcassets */,
			);
			path = "Preview Content";
			sourceTree = "<group>";
		};
/* End PBXGroup section */

/* Begin PBXNativeTarget section */
		0DD1300C2A1CE2D300982724 /* SwiftuiOtp */ = {
			isa = PBXNativeTarget;
			buildConfigurationList = 0DD130202A1CE2D600982724 /* Build configuration list for PBXNativeTarget "SwiftuiOtp" */;
			buildPhases = (
				0DD130092A1CE2D300982724 /* Sources */,
				0DD1300A2A1CE2D300982724 /* Frameworks */,
				0DD1300B2A1CE2D300982724 /* Resources */,
			);
			buildRules = (
			);
			dependencies = (
			);
			name = SwiftuiOtp;
			productName = SwiftuiOtp;
			productReference = 0DD1300D2A1CE2D300982724 /* SwiftuiOtp.app */;
			productType = "com.apple.product-type.application";
		};
/* End PBXNativeTarget section */

/* Begin PBXProject section */
		0DD130052A1CE2D300982724 /* Project object */ = {
			isa = PBXProject;
			attributes = {
				BuildIndependentTargetsInParallel = 1;
				LastSwiftUpdateCheck = 1430;
				LastUpgradeCheck = 1430;
				TargetAttributes = {
					0DD1300C2A1CE2D300982724 = {
						CreatedOnToolsVersion = 14.3;
					};
				};
			};
			buildConfigurationList = 0DD130082A1CE2D300982724 /* Build configuration list for PBXProject "SwiftuiOtp" */;
			compatibilityVersion = "Xcode 14.0";
			developmentRegion = en;
			hasScannedForEncodings = 0;
			knownRegions = (
				en,
				Base,
			);
			mainGroup = 0DD130042A1CE2D300982724;
			productRefGroup = 0DD1300E2A1CE2D300982724 /* Products */;
			projectDirPath = "";
			projectRoot = "";
			targets = (
				0DD1300C2A1CE2D300982724 /* SwiftuiOtp */,
			);
		};
/* End PBXProject section */

/* Begin PBXResourcesBuildPhase section */
		0DD1300B2A1CE2D300982724 /* Resources */ = {
			isa = PBXResourcesBuildPhase;
			buildActionMask = 2147483647;
			files = (
				0DD130182A1CE2D600982724 /* Preview Assets.xcassets in Resources */,
				0DD130152A1CE2D600982724 /* Assets.xcassets in Resources */,
			);
			runOnlyForDeploymentPostprocessing = 0;
		};
/* End PBXResourcesBuildPhase section */

/* Begin PBXSourcesBuildPhase section */
		0DD130092A1CE2D300982724 /* Sources */ = {
			isa = PBXSourcesBuildPhase;
			buildActionMask = 2147483647;
			files = (
				0DD1301A2A1CE2D600982724 /* Persistence.swift in Sources */,
				0DD1301D2A1CE2D600982724 /* SwiftuiOtp.xcdatamodeld in Sources */,
				0DD130242A1CE4CA00982724 /* OtpModifer.swift in Sources */,
				0DD130132A1CE2D300982724 /* ContentView.swift in Sources */,
				0DD130112A1CE2D300982724 /* SwiftuiOtpApp.swift in Sources */,
				0DD130262A1CEA1800982724 /* OtpFormFieldView.swift in Sources */,
			);
			runOnlyForDeploymentPostprocessing = 0;
		};
/* End PBXSourcesBuildPhase section */

/* Begin XCBuildConfiguration section */
		0DD1301E2A1CE2D600982724 /* Debug */ = {
			isa = XCBuildConfiguration;
			buildSettings = {
				ALWAYS_SEARCH_USER_PATHS = NO;
				CLANG_ANALYZER_NONNULL = YES;
				CLANG_ANALYZER_NUMBER_OBJECT_CONVERSION = YES_AGGRESSIVE;
				CLANG_CXX_LANGUAGE_STANDARD = "gnu++20";
				CLANG_ENABLE_MODULES = YES;
				CLANG_ENABLE_OBJC_ARC = YES;
				CLANG_ENABLE_OBJC_WEAK = YES;
				CLANG_WARN_BLOCK_CAPTURE_AUTORELEASING = YES;
				CLANG_WARN_BOOL_CONVERSION = YES;
				CLANG_WARN_COMMA = YES;
				CLANG_WARN_CONSTANT_CONVERSION = YES;
				CLANG_WARN_DEPRECATED_OBJC_IMPLEMENTATIONS = YES;
				CLANG_WARN_DIRECT_OBJC_ISA_USAGE = YES_ERROR;
				CLANG_WARN_DOCUMENTATION_COMMENTS = YES;
				CLANG_WARN_EMPTY_BODY = YES;
				CLANG_WARN_ENUM_CONVERSION = YES;
				CLANG_WARN_INFINITE_RECURSION = YES;
				CLANG_WARN_INT_CONVERSION = YES;
				CLANG_WARN_NON_LITERAL_NULL_CONVERSION = YES;
				CLANG_WARN_OBJC_IMPLICIT_RETAIN_SELF = YES;
				CLANG_WARN_OBJC_LITERAL_CONVERSION = YES;
				CLANG_WARN_OBJC_ROOT_CLASS = YES_ERROR;
				CLANG_WARN_QUOTED_INCLUDE_IN_FRAMEWORK_HEADER = YES;
				CLANG_WARN_RANGE_LOOP_ANALYSIS = YES;
				CLANG_WARN_STRICT_PROTOTYPES = YES;
				CLANG_WARN_SUSPICIOUS_MOVE = YES;
				CLANG_WARN_UNGUARDED_AVAILABILITY = YES_AGGRESSIVE;
				CLANG_WARN_UNREACHABLE_CODE = YES;
				CLANG_WARN__DUPLICATE_METHOD_MATCH = YES;
				COPY_PHASE_STRIP = NO;
				DEBUG_INFORMATION_FORMAT = dwarf;
				ENABLE_STRICT_OBJC_MSGSEND = YES;
				ENABLE_TESTABILITY = YES;
				GCC_C_LANGUAGE_STANDARD = gnu11;
				GCC_DYNAMIC_NO_PIC = NO;
				GCC_NO_COMMON_BLOCKS = YES;
				GCC_OPTIMIZATION_LEVEL = 0;
				GCC_PREPROCESSOR_DEFINITIONS = (
					"DEBUG=1",
					"$(inherited)",
				);
				GCC_WARN_64_TO_32_BIT_CONVERSION = YES;
				GCC_WARN_ABOUT_RETURN_TYPE = YES_ERROR;
				GCC_WARN_UNDECLARED_SELECTOR = YES;
				GCC_WARN_UNINITIALIZED_AUTOS = YES_AGGRESSIVE;
				GCC_WARN_UNUSED_FUNCTION = YES;
				GCC_WARN_UNUSED_VARIABLE = YES;
				IPHONEOS_DEPLOYMENT_TARGET = 16.4;
				MTL_ENABLE_DEBUG_INFO = INCLUDE_SOURCE;
				MTL_FAST_MATH = YES;
				ONLY_ACTIVE_ARCH = YES;
				SDKROOT = iphoneos;
				SWIFT_ACTIVE_COMPILATION_CONDITIONS = DEBUG;
				SWIFT_OPTIMIZATION_LEVEL = "-Onone";
			};
			name = Debug;
		};
		0DD1301F2A1CE2D600982724 /* Release */ = {
			isa = XCBuildConfiguration;
			buildSettings = {
				ALWAYS_SEARCH_USER_PATHS = NO;
				CLANG_ANALYZER_NONNULL = YES;
				CLANG_ANALYZER_NUMBER_OBJECT_CONVERSION = YES_AGGRESSIVE;
				CLANG_CXX_LANGUAGE_STANDARD = "gnu++20";
				CLANG_ENABLE_MODULES = YES;
				CLANG_ENABLE_OBJC_ARC = YES;
				CLANG_ENABLE_OBJC_WEAK = YES;
				CLANG_WARN_BLOCK_CAPTURE_AUTORELEASING = YES;
				CLANG_WARN_BOOL_CONVERSION = YES;
				CLANG_WARN_COMMA = YES;
				CLANG_WARN_CONSTANT_CONVERSION = YES;
				CLANG_WARN_DEPRECATED_OBJC_IMPLEMENTATIONS = YES;
				CLANG_WARN_DIRECT_OBJC_ISA_USAGE = YES_ERROR;
				CLANG_WARN_DOCUMENTATION_COMMENTS = YES;
				CLANG_WARN_EMPTY_BODY = YES;
				CLANG_WARN_ENUM_CONVERSION = YES;
				CLANG_WARN_INFINITE_RECURSION = YES;
				CLANG_WARN_INT_CONVERSION = YES;
				CLANG_WARN_NON_LITERAL_NULL_CONVERSION = YES;
				CLANG_WARN_OBJC_IMPLICIT_RETAIN_SELF = YES;
				CLANG_WARN_OBJC_LITERAL_CONVERSION = YES;
				CLANG_WARN_OBJC_ROOT_CLASS = YES_ERROR;
				CLANG_WARN_QUOTED_INCLUDE_IN_FRAMEWORK_HEADER = YES;
				CLANG_WARN_RANGE_LOOP_ANALYSIS = YES;
				CLANG_WARN_STRICT_PROTOTYPES = YES;
				CLANG_WARN_SUSPICIOUS_MOVE = YES;
				CLANG_WARN_UNGUARDED_AVAILABILITY = YES_AGGRESSIVE;
				CLANG_WARN_UNREACHABLE_CODE = YES;
				CLANG_WARN__DUPLICATE_METHOD_MATCH = YES;
				COPY_PHASE_STRIP = NO;
				DEBUG_INFORMATION_FORMAT = "dwarf-with-dsym";
				ENABLE_NS_ASSERTIONS = NO;
				ENABLE_STRICT_OBJC_MSGSEND = YES;
				GCC_C_LANGUAGE_STANDARD = gnu11;
				GCC_NO_COMMON_BLOCKS = YES;
				GCC_WARN_64_TO_32_BIT_CONVERSION = YES;
				GCC_WARN_ABOUT_RETURN_TYPE = YES_ERROR;
				GCC_WARN_UNDECLARED_SELECTOR = YES;
				GCC_WARN_UNINITIALIZED_AUTOS = YES_AGGRESSIVE;
				GCC_WARN_UNUSED_FUNCTION = YES;
				GCC_WARN_UNUSED_VARIABLE = YES;
				IPHONEOS_DEPLOYMENT_TARGET = 16.4;
				MTL_ENABLE_DEBUG_INFO = NO;
				MTL_FAST_MATH = YES;
				SDKROOT = iphoneos;
				SWIFT_COMPILATION_MODE = wholemodule;
				SWIFT_OPTIMIZATION_LEVEL = "-O";
				VALIDATE_PRODUCT = YES;
			};
			name = Release;
		};
		0DD130212A1CE2D600982724 /* Debug */ = {
			isa = XCBuildConfiguration;
			buildSettings = {
				ASSETCATALOG_COMPILER_APPICON_NAME = AppIcon;
				ASSETCATALOG_COMPILER_GLOBAL_ACCENT_COLOR_NAME = AccentColor;
				CODE_SIGN_STYLE = Automatic;
				CURRENT_PROJECT_VERSION = 1;
				DEVELOPMENT_ASSET_PATHS = "\"SwiftuiOtp/Preview Content\"";
				DEVELOPMENT_TEAM = UU77G7V5PG;
				ENABLE_PREVIEWS = YES;
				GENERATE_INFOPLIST_FILE = YES;
				INFOPLIST_KEY_UIApplicationSceneManifest_Generation = YES;
				INFOPLIST_KEY_UIApplicationSupportsIndirectInputEvents = YES;
				INFOPLIST_KEY_UILaunchScreen_Generation = YES;
				INFOPLIST_KEY_UISupportedInterfaceOrientations_iPad = "UIInterfaceOrientationPortrait UIInterfaceOrientationPortraitUpsideDown UIInterfaceOrientationLandscapeLeft UIInterfaceOrientationLandscapeRight";
				INFOPLIST_KEY_UISupportedInterfaceOrientations_iPhone = "UIInterfaceOrientationPortrait UIInterfaceOrientationLandscapeLeft UIInterfaceOrientationLandscapeRight";
				LD_RUNPATH_SEARCH_PATHS = (
					"$(inherited)",
					"@executable_path/Frameworks",
				);
				MARKETING_VERSION = 1.0;
				PRODUCT_BUNDLE_IDENTIFIER = ifydev.com.SwiftuiOtp;
				PRODUCT_NAME = "$(TARGET_NAME)";
				SWIFT_EMIT_LOC_STRINGS = YES;
				SWIFT_VERSION = 5.0;
				TARGETED_DEVICE_FAMILY = "1,2";
			};
			name = Debug;
		};
		0DD130222A1CE2D600982724 /* Release */ = {
			isa = XCBuildConfiguration;
			buildSettings = {
				ASSETCATALOG_COMPILER_APPICON_NAME = AppIcon;
				ASSETCATALOG_COMPILER_GLOBAL_ACCENT_COLOR_NAME = AccentColor;
				CODE_SIGN_STYLE = Automatic;
				CURRENT_PROJECT_VERSION = 1;
				DEVELOPMENT_ASSET_PATHS = "\"SwiftuiOtp/Preview Content\"";
				DEVELOPMENT_TEAM = UU77G7V5PG;
				ENABLE_PREVIEWS = YES;
				GENERATE_INFOPLIST_FILE = YES;
				INFOPLIST_KEY_UIApplicationSceneManifest_Generation = YES;
				INFOPLIST_KEY_UIApplicationSupportsIndirectInputEvents = YES;
				INFOPLIST_KEY_UILaunchScreen_Generation = YES;
				INFOPLIST_KEY_UISupportedInterfaceOrientations_iPad = "UIInterfaceOrientationPortrait UIInterfaceOrientationPortraitUpsideDown UIInterfaceOrientationLandscapeLeft UIInterfaceOrientationLandscapeRight";
				INFOPLIST_KEY_UISupportedInterfaceOrientations_iPhone = "UIInterfaceOrientationPortrait UIInterfaceOrientationLandscapeLeft UIInterfaceOrientationLandscapeRight";
				LD_RUNPATH_SEARCH_PATHS = (
					"$(inherited)",
					"@executable_path/Frameworks",
				);
				MARKETING_VERSION = 1.0;
				PRODUCT_BUNDLE_IDENTIFIER = ifydev.com.SwiftuiOtp;
				PRODUCT_NAME = "$(TARGET_NAME)";
				SWIFT_EMIT_LOC_STRINGS = YES;
				SWIFT_VERSION = 5.0;
				TARGETED_DEVICE_FAMILY = "1,2";
			};
			name = Release;
		};
/* End XCBuildConfiguration section */

/* Begin XCConfigurationList section */
		0DD130082A1CE2D300982724 /* Build configuration list for PBXProject "SwiftuiOtp" */ = {
			isa = XCConfigurationList;
			buildConfigurations = (
				0DD1301E2A1CE2D600982724 /* Debug */,
				0DD1301F2A1CE2D600982724 /* Release */,
			);
			defaultConfigurationIsVisible = 0;
			defaultConfigurationName = Release;
		};
		0DD130202A1CE2D600982724 /* Build configuration list for PBXNativeTarget "SwiftuiOtp" */ = {
			isa = XCConfigurationList;
			buildConfigurations = (
				0DD130212A1CE2D600982724 /* Debug */,
				0DD130222A1CE2D600982724 /* Release */,
			);
			defaultConfigurationIsVisible = 0;
			defaultConfigurationName = Release;
		};
/* End XCConfigurationList section */

/* Begin XCVersionGroup section */
		0DD1301B2A1CE2D600982724 /* SwiftuiOtp.xcdatamodeld */ = {
			isa = XCVersionGroup;
			children = (
				0DD1301C2A1CE2D600982724 /* SwiftuiOtp.xcdatamodel */,
			);
			currentVersion = 0DD1301C2A1CE2D600982724 /* SwiftuiOtp.xcdatamodel */;
			path = SwiftuiOtp.xcdatamodeld;
			sourceTree = "<group>";
			versionGroupType = wrapper.xcdatamodel;
		};
/* End XCVersionGroup section */
	};
	rootObject = 0DD130052A1CE2D300982724 /* Project object */;
}
